// !$*UTF8*$!
{
	archiveVersion = 1;
	classes = {
	};
	objectVersion = 55;
	objects = {

/* Begin PBXBuildFile section */
		5512CFF427F8EA3B006008BF /* Credits.rtf in Resources */ = {isa = PBXBuildFile; fileRef = 5512CFF327F8EA3B006008BF /* Credits.rtf */; };
		557BDE7727F7A53D005847FD /* Status_of_Github_Menu_AppApp.swift in Sources */ = {isa = PBXBuildFile; fileRef = 557BDE7627F7A53D005847FD /* Status_of_Github_Menu_AppApp.swift */; };
		557BDE7927F7A53D005847FD /* StatusView.swift in Sources */ = {isa = PBXBuildFile; fileRef = 557BDE7827F7A53D005847FD /* StatusView.swift */; };
		557BDE7B27F7A53D005847FD /* Assets.xcassets in Resources */ = {isa = PBXBuildFile; fileRef = 557BDE7A27F7A53D005847FD /* Assets.xcassets */; };
		557BDE7E27F7A53D005847FD /* Preview Assets.xcassets in Resources */ = {isa = PBXBuildFile; fileRef = 557BDE7D27F7A53D005847FD /* Preview Assets.xcassets */; };
		557BDE8627F7AE82005847FD /* StatusComponent.swift in Sources */ = {isa = PBXBuildFile; fileRef = 557BDE8527F7AE82005847FD /* StatusComponent.swift */; };
		557BDE8827F7AEE1005847FD /* HelperMethods.swift in Sources */ = {isa = PBXBuildFile; fileRef = 557BDE8727F7AEE1005847FD /* HelperMethods.swift */; };
		557BDE8A27F7EA29005847FD /* ApplicationMenu.swift in Sources */ = {isa = PBXBuildFile; fileRef = 557BDE8927F7EA29005847FD /* ApplicationMenu.swift */; };
/* End PBXBuildFile section */

/* Begin PBXFileReference section */
		5512CFF227F8E607006008BF /* Status-of-Github-Menu-App-Info.plist */ = {isa = PBXFileReference; lastKnownFileType = text.plist; path = "Status-of-Github-Menu-App-Info.plist"; sourceTree = SOURCE_ROOT; };
		5512CFF327F8EA3B006008BF /* Credits.rtf */ = {isa = PBXFileReference; lastKnownFileType = text.rtf; path = Credits.rtf; sourceTree = "<group>"; };
		557BDE7327F7A53D005847FD /* Status of Github Menu App.app */ = {isa = PBXFileReference; explicitFileType = wrapper.application; includeInIndex = 0; path = "Status of Github Menu App.app"; sourceTree = BUILT_PRODUCTS_DIR; };
		557BDE7627F7A53D005847FD /* Status_of_Github_Menu_AppApp.swift */ = {isa = PBXFileReference; lastKnownFileType = sourcecode.swift; path = Status_of_Github_Menu_AppApp.swift; sourceTree = "<group>"; };
		557BDE7827F7A53D005847FD /* StatusView.swift */ = {isa = PBXFileReference; lastKnownFileType = sourcecode.swift; path = StatusView.swift; sourceTree = "<group>"; };
		557BDE7A27F7A53D005847FD /* Assets.xcassets */ = {isa = PBXFileReference; lastKnownFileType = folder.assetcatalog; path = Assets.xcassets; sourceTree = "<group>"; };
		557BDE7D27F7A53D005847FD /* Preview Assets.xcassets */ = {isa = PBXFileReference; lastKnownFileType = folder.assetcatalog; path = "Preview Assets.xcassets"; sourceTree = "<group>"; };
		557BDE7F27F7A53D005847FD /* Status_of_Github_Menu_App.entitlements */ = {isa = PBXFileReference; lastKnownFileType = text.plist.entitlements; path = Status_of_Github_Menu_App.entitlements; sourceTree = "<group>"; };
		557BDE8527F7AE82005847FD /* StatusComponent.swift */ = {isa = PBXFileReference; lastKnownFileType = sourcecode.swift; path = StatusComponent.swift; sourceTree = "<group>"; };
		557BDE8727F7AEE1005847FD /* HelperMethods.swift */ = {isa = PBXFileReference; lastKnownFileType = sourcecode.swift; path = HelperMethods.swift; sourceTree = "<group>"; };
		557BDE8927F7EA29005847FD /* ApplicationMenu.swift */ = {isa = PBXFileReference; lastKnownFileType = sourcecode.swift; path = ApplicationMenu.swift; sourceTree = "<group>"; };
/* End PBXFileReference section */

/* Begin PBXFrameworksBuildPhase section */
		557BDE7027F7A53D005847FD /* Frameworks */ = {
			isa = PBXFrameworksBuildPhase;
			buildActionMask = 2147483647;
			files = (
			);
			runOnlyForDeploymentPostprocessing = 0;
		};
/* End PBXFrameworksBuildPhase section */

/* Begin PBXGroup section */
		5512CFEF27F88BED006008BF /* Screens */ = {
			isa = PBXGroup;
			children = (
				557BDE7827F7A53D005847FD /* StatusView.swift */,
			);
			path = Screens;
			sourceTree = "<group>";
		};
		5512CFF027F88BF9006008BF /* Model */ = {
			isa = PBXGroup;
			children = (
				557BDE8527F7AE82005847FD /* StatusComponent.swift */,
			);
			path = Model;
			sourceTree = "<group>";
		};
		5512CFF127F88C2C006008BF /* Views */ = {
			isa = PBXGroup;
			children = (
				557BDE8927F7EA29005847FD /* ApplicationMenu.swift */,
			);
			path = Views;
			sourceTree = "<group>";
		};
		557BDE6A27F7A53D005847FD = {
			isa = PBXGroup;
			children = (
				557BDE7527F7A53D005847FD /* Status of Github Menu App */,
				557BDE7427F7A53D005847FD /* Products */,
			);
			sourceTree = "<group>";
		};
		557BDE7427F7A53D005847FD /* Products */ = {
			isa = PBXGroup;
			children = (
				557BDE7327F7A53D005847FD /* Status of Github Menu App.app */,
			);
			name = Products;
			sourceTree = "<group>";
		};
		557BDE7527F7A53D005847FD /* Status of Github Menu App */ = {
			isa = PBXGroup;
			children = (
				557BDE7627F7A53D005847FD /* Status_of_Github_Menu_AppApp.swift */,
				5512CFEF27F88BED006008BF /* Screens */,
				5512CFF127F88C2C006008BF /* Views */,
				5512CFF027F88BF9006008BF /* Model */,
				557BDE8727F7AEE1005847FD /* HelperMethods.swift */,
				5512CFF327F8EA3B006008BF /* Credits.rtf */,
				557BDE7A27F7A53D005847FD /* Assets.xcassets */,
				557BDE7F27F7A53D005847FD /* Status_of_Github_Menu_App.entitlements */,
				5512CFF227F8E607006008BF /* Status-of-Github-Menu-App-Info.plist */,
				557BDE7C27F7A53D005847FD /* Preview Content */,
			);
			path = "Status of Github Menu App";
			sourceTree = "<group>";
		};
		557BDE7C27F7A53D005847FD /* Preview Content */ = {
			isa = PBXGroup;
			children = (
				557BDE7D27F7A53D005847FD /* Preview Assets.xcassets */,
			);
			path = "Preview Content";
			sourceTree = "<group>";
		};
/* End PBXGroup section */

/* Begin PBXNativeTarget section */
		557BDE7227F7A53D005847FD /* Status of Github Menu App */ = {
			isa = PBXNativeTarget;
			buildConfigurationList = 557BDE8227F7A53D005847FD /* Build configuration list for PBXNativeTarget "Status of Github Menu App" */;
			buildPhases = (
				557BDE6F27F7A53D005847FD /* Sources */,
				557BDE7027F7A53D005847FD /* Frameworks */,
				557BDE7127F7A53D005847FD /* Resources */,
			);
			buildRules = (
			);
			dependencies = (
			);
			name = "Status of Github Menu App";
			productName = "Status of Github Menu App";
			productReference = 557BDE7327F7A53D005847FD /* Status of Github Menu App.app */;
			productType = "com.apple.product-type.application";
		};
/* End PBXNativeTarget section */

/* Begin PBXProject section */
		557BDE6B27F7A53D005847FD /* Project object */ = {
			isa = PBXProject;
			attributes = {
				BuildIndependentTargetsInParallel = 1;
				LastSwiftUpdateCheck = 1330;
				LastUpgradeCheck = 1400;
				TargetAttributes = {
					557BDE7227F7A53D005847FD = {
						CreatedOnToolsVersion = 13.3;
					};
				};
			};
			buildConfigurationList = 557BDE6E27F7A53D005847FD /* Build configuration list for PBXProject "Status of Github Menu App" */;
			compatibilityVersion = "Xcode 13.0";
			developmentRegion = en;
			hasScannedForEncodings = 0;
			knownRegions = (
				en,
				Base,
			);
			mainGroup = 557BDE6A27F7A53D005847FD;
			productRefGroup = 557BDE7427F7A53D005847FD /* Products */;
			projectDirPath = "";
			projectRoot = "";
			targets = (
				557BDE7227F7A53D005847FD /* Status of Github Menu App */,
			);
		};
/* End PBXProject section */

/* Begin PBXResourcesBuildPhase section */
		557BDE7127F7A53D005847FD /* Resources */ = {
			isa = PBXResourcesBuildPhase;
			buildActionMask = 2147483647;
			files = (
				557BDE7E27F7A53D005847FD /* Preview Assets.xcassets in Resources */,
				5512CFF427F8EA3B006008BF /* Credits.rtf in Resources */,
				557BDE7B27F7A53D005847FD /* Assets.xcassets in Resources */,
			);
			runOnlyForDeploymentPostprocessing = 0;
		};
/* End PBXResourcesBuildPhase section */

/* Begin PBXSourcesBuildPhase section */
		557BDE6F27F7A53D005847FD /* Sources */ = {
			isa = PBXSourcesBuildPhase;
			buildActionMask = 2147483647;
			files = (
				557BDE7927F7A53D005847FD /* StatusView.swift in Sources */,
				557BDE8A27F7EA29005847FD /* ApplicationMenu.swift in Sources */,
				557BDE7727F7A53D005847FD /* Status_of_Github_Menu_AppApp.swift in Sources */,
				557BDE8827F7AEE1005847FD /* HelperMethods.swift in Sources */,
				557BDE8627F7AE82005847FD /* StatusComponent.swift in Sources */,
			);
			runOnlyForDeploymentPostprocessing = 0;
		};
/* End PBXSourcesBuildPhase section */

/* Begin XCBuildConfiguration section */
		557BDE8027F7A53D005847FD /* Debug */ = {
			isa = XCBuildConfiguration;
			buildSettings = {
				ALWAYS_SEARCH_USER_PATHS = NO;
				CLANG_ANALYZER_NONNULL = YES;
				CLANG_ANALYZER_NUMBER_OBJECT_CONVERSION = YES_AGGRESSIVE;
				CLANG_CXX_LANGUAGE_STANDARD = "gnu++17";
				CLANG_ENABLE_MODULES = YES;
				CLANG_ENABLE_OBJC_ARC = YES;
				CLANG_ENABLE_OBJC_WEAK = YES;
				CLANG_WARN_BLOCK_CAPTURE_AUTORELEASING = YES;
				CLANG_WARN_BOOL_CONVERSION = YES;
				CLANG_WARN_COMMA = YES;
				CLANG_WARN_CONSTANT_CONVERSION = YES;
				CLANG_WARN_DEPRECATED_OBJC_IMPLEMENTATIONS = YES;
				CLANG_WARN_DIRECT_OBJC_ISA_USAGE = YES_ERROR;
				CLANG_WARN_DOCUMENTATION_COMMENTS = YES;
				CLANG_WARN_EMPTY_BODY = YES;
				CLANG_WARN_ENUM_CONVERSION = YES;
				CLANG_WARN_INFINITE_RECURSION = YES;
				CLANG_WARN_INT_CONVERSION = YES;
				CLANG_WARN_NON_LITERAL_NULL_CONVERSION = YES;
				CLANG_WARN_OBJC_IMPLICIT_RETAIN_SELF = YES;
				CLANG_WARN_OBJC_LITERAL_CONVERSION = YES;
				CLANG_WARN_OBJC_ROOT_CLASS = YES_ERROR;
				CLANG_WARN_QUOTED_INCLUDE_IN_FRAMEWORK_HEADER = YES;
				CLANG_WARN_RANGE_LOOP_ANALYSIS = YES;
				CLANG_WARN_STRICT_PROTOTYPES = YES;
				CLANG_WARN_SUSPICIOUS_MOVE = YES;
				CLANG_WARN_UNGUARDED_AVAILABILITY = YES_AGGRESSIVE;
				CLANG_WARN_UNREACHABLE_CODE = YES;
				CLANG_WARN__DUPLICATE_METHOD_MATCH = YES;
				COPY_PHASE_STRIP = NO;
				DEAD_CODE_STRIPPING = YES;
				DEBUG_INFORMATION_FORMAT = dwarf;
				ENABLE_STRICT_OBJC_MSGSEND = YES;
				ENABLE_TESTABILITY = YES;
				GCC_C_LANGUAGE_STANDARD = gnu11;
				GCC_DYNAMIC_NO_PIC = NO;
				GCC_NO_COMMON_BLOCKS = YES;
				GCC_OPTIMIZATION_LEVEL = 0;
				GCC_PREPROCESSOR_DEFINITIONS = (
					"DEBUG=1",
					"$(inherited)",
				);
				GCC_WARN_64_TO_32_BIT_CONVERSION = YES;
				GCC_WARN_ABOUT_RETURN_TYPE = YES_ERROR;
				GCC_WARN_UNDECLARED_SELECTOR = YES;
				GCC_WARN_UNINITIALIZED_AUTOS = YES_AGGRESSIVE;
				GCC_WARN_UNUSED_FUNCTION = YES;
				GCC_WARN_UNUSED_VARIABLE = YES;
				MACOSX_DEPLOYMENT_TARGET = 12.3;
				MTL_ENABLE_DEBUG_INFO = INCLUDE_SOURCE;
				MTL_FAST_MATH = YES;
				ONLY_ACTIVE_ARCH = YES;
				SDKROOT = macosx;
				SWIFT_ACTIVE_COMPILATION_CONDITIONS = DEBUG;
				SWIFT_OPTIMIZATION_LEVEL = "-Onone";
			};
			name = Debug;
		};
		557BDE8127F7A53D005847FD /* Release */ = {
			isa = XCBuildConfiguration;
			buildSettings = {
				ALWAYS_SEARCH_USER_PATHS = NO;
				CLANG_ANALYZER_NONNULL = YES;
				CLANG_ANALYZER_NUMBER_OBJECT_CONVERSION = YES_AGGRESSIVE;
				CLANG_CXX_LANGUAGE_STANDARD = "gnu++17";
				CLANG_ENABLE_MODULES = YES;
				CLANG_ENABLE_OBJC_ARC = YES;
				CLANG_ENABLE_OBJC_WEAK = YES;
				CLANG_WARN_BLOCK_CAPTURE_AUTORELEASING = YES;
				CLANG_WARN_BOOL_CONVERSION = YES;
				CLANG_WARN_COMMA = YES;
				CLANG_WARN_CONSTANT_CONVERSION = YES;
				CLANG_WARN_DEPRECATED_OBJC_IMPLEMENTATIONS = YES;
				CLANG_WARN_DIRECT_OBJC_ISA_USAGE = YES_ERROR;
				CLANG_WARN_DOCUMENTATION_COMMENTS = YES;
				CLANG_WARN_EMPTY_BODY = YES;
				CLANG_WARN_ENUM_CONVERSION = YES;
				CLANG_WARN_INFINITE_RECURSION = YES;
				CLANG_WARN_INT_CONVERSION = YES;
				CLANG_WARN_NON_LITERAL_NULL_CONVERSION = YES;
				CLANG_WARN_OBJC_IMPLICIT_RETAIN_SELF = YES;
				CLANG_WARN_OBJC_LITERAL_CONVERSION = YES;
				CLANG_WARN_OBJC_ROOT_CLASS = YES_ERROR;
				CLANG_WARN_QUOTED_INCLUDE_IN_FRAMEWORK_HEADER = YES;
				CLANG_WARN_RANGE_LOOP_ANALYSIS = YES;
				CLANG_WARN_STRICT_PROTOTYPES = YES;
				CLANG_WARN_SUSPICIOUS_MOVE = YES;
				CLANG_WARN_UNGUARDED_AVAILABILITY = YES_AGGRESSIVE;
				CLANG_WARN_UNREACHABLE_CODE = YES;
				CLANG_WARN__DUPLICATE_METHOD_MATCH = YES;
				COPY_PHASE_STRIP = NO;
				DEAD_CODE_STRIPPING = YES;
				DEBUG_INFORMATION_FORMAT = "dwarf-with-dsym";
				ENABLE_NS_ASSERTIONS = NO;
				ENABLE_STRICT_OBJC_MSGSEND = YES;
				GCC_C_LANGUAGE_STANDARD = gnu11;
				GCC_NO_COMMON_BLOCKS = YES;
				GCC_WARN_64_TO_32_BIT_CONVERSION = YES;
				GCC_WARN_ABOUT_RETURN_TYPE = YES_ERROR;
				GCC_WARN_UNDECLARED_SELECTOR = YES;
				GCC_WARN_UNINITIALIZED_AUTOS = YES_AGGRESSIVE;
				GCC_WARN_UNUSED_FUNCTION = YES;
				GCC_WARN_UNUSED_VARIABLE = YES;
				MACOSX_DEPLOYMENT_TARGET = 12.3;
				MTL_ENABLE_DEBUG_INFO = NO;
				MTL_FAST_MATH = YES;
				SDKROOT = macosx;
				SWIFT_COMPILATION_MODE = wholemodule;
				SWIFT_OPTIMIZATION_LEVEL = "-O";
			};
			name = Release;
		};
		557BDE8327F7A53D005847FD /* Debug */ = {
			isa = XCBuildConfiguration;
			buildSettings = {
				ASSETCATALOG_COMPILER_APPICON_NAME = AppIcon;
				ASSETCATALOG_COMPILER_GLOBAL_ACCENT_COLOR_NAME = AccentColor;
				CODE_SIGN_ENTITLEMENTS = "Status of Github Menu App/Status_of_Github_Menu_App.entitlements";
				CODE_SIGN_IDENTITY = "-";
				CODE_SIGN_STYLE = Automatic;
				COMBINE_HIDPI_IMAGES = YES;
				CURRENT_PROJECT_VERSION = 2;
				DEAD_CODE_STRIPPING = YES;
				DEVELOPMENT_ASSET_PATHS = "\"Status of Github Menu App/Preview Content\"";
				DEVELOPMENT_TEAM = 6JBM5ZNF6C;
				ENABLE_HARDENED_RUNTIME = YES;
				ENABLE_PREVIEWS = YES;
				GENERATE_INFOPLIST_FILE = YES;
				INFOPLIST_FILE = "Status-of-Github-Menu-App-Info.plist";
				INFOPLIST_KEY_LSApplicationCategoryType = "public.app-category.developer-tools";
				INFOPLIST_KEY_NSHumanReadableCopyright = "";
				LD_RUNPATH_SEARCH_PATHS = (
					"$(inherited)",
					"@executable_path/../Frameworks",
				);
				MARKETING_VERSION = 1.1;
				PRODUCT_BUNDLE_IDENTIFIER = "com.Swifttom.Status-of-Github-Menu-App";
				PRODUCT_NAME = "$(TARGET_NAME)";
				SWIFT_EMIT_LOC_STRINGS = YES;
				SWIFT_VERSION = 5.0;
			};
			name = Debug;
		};
		557BDE8427F7A53D005847FD /* Release */ = {
			isa = XCBuildConfiguration;
			buildSettings = {
				ASSETCATALOG_COMPILER_APPICON_NAME = AppIcon;
				ASSETCATALOG_COMPILER_GLOBAL_ACCENT_COLOR_NAME = AccentColor;
				CODE_SIGN_ENTITLEMENTS = "Status of Github Menu App/Status_of_Github_Menu_App.entitlements";
				CODE_SIGN_IDENTITY = "-";
				CODE_SIGN_STYLE = Automatic;
				COMBINE_HIDPI_IMAGES = YES;
				CURRENT_PROJECT_VERSION = 2;
				DEAD_CODE_STRIPPING = YES;
				DEVELOPMENT_ASSET_PATHS = "\"Status of Github Menu App/Preview Content\"";
				DEVELOPMENT_TEAM = 6JBM5ZNF6C;
				ENABLE_HARDENED_RUNTIME = YES;
				ENABLE_PREVIEWS = YES;
				GENERATE_INFOPLIST_FILE = YES;
				INFOPLIST_FILE = "Status-of-Github-Menu-App-Info.plist";
				INFOPLIST_KEY_LSApplicationCategoryType = "public.app-category.developer-tools";
				INFOPLIST_KEY_NSHumanReadableCopyright = "";
				LD_RUNPATH_SEARCH_PATHS = (
					"$(inherited)",
					"@executable_path/../Frameworks",
				);
				MARKETING_VERSION = 1.1;
				PRODUCT_BUNDLE_IDENTIFIER = "com.Swifttom.Status-of-Github-Menu-App";
				PRODUCT_NAME = "$(TARGET_NAME)";
				SWIFT_EMIT_LOC_STRINGS = YES;
				SWIFT_VERSION = 5.0;
			};
			name = Release;
		};
/* End XCBuildConfiguration section */

/* Begin XCConfigurationList section */
		557BDE6E27F7A53D005847FD /* Build configuration list for PBXProject "Status of Github Menu App" */ = {
			isa = XCConfigurationList;
			buildConfigurations = (
				557BDE8027F7A53D005847FD /* Debug */,
				557BDE8127F7A53D005847FD /* Release */,
			);
			defaultConfigurationIsVisible = 0;
			defaultConfigurationName = Release;
		};
		557BDE8227F7A53D005847FD /* Build configuration list for PBXNativeTarget "Status of Github Menu App" */ = {
			isa = XCConfigurationList;
			buildConfigurations = (
				557BDE8327F7A53D005847FD /* Debug */,
				557BDE8427F7A53D005847FD /* Release */,
			);
			defaultConfigurationIsVisible = 0;
			defaultConfigurationName = Release;
		};
/* End XCConfigurationList section */
	};
	rootObject = 557BDE6B27F7A53D005847FD /* Project object */;
}
